
Microsoft Visual Studio Solution File, Format Version 12.00
# Visual Studio Version 17
VisualStudioVersion = 17.7.34031.279
MinimumVisualStudioVersion = 10.0.40219.1
Project("{FAE04EC0-301F-11D3-BF4B-00C04F79EFBC}") = "Bingo", "Bingo\Bingo.csproj", "{BA563A0E-E56D-46BD-BD5A-3F27E64FB7B7}"
EndProject
Global
	GlobalSection(SolutionConfigurationPlatforms) = preSolution
		Debug|Any CPU = Debug|Any CPU
		Release|Any CPU = Release|Any CPU
	EndGlobalSection
	GlobalSection(ProjectConfigurationPlatforms) = postSolution
		{BA563A0E-E56D-46BD-BD5A-3F27E64FB7B7}.Debug|Any CPU.ActiveCfg = Debug|Any CPU
		{BA563A0E-E56D-46BD-BD5A-3F27E64FB7B7}.Debug|Any CPU.Build.0 = Debug|Any CPU
		{BA563A0E-E56D-46BD-BD5A-3F27E64FB7B7}.Release|Any CPU.ActiveCfg = Release|Any CPU
		{BA563A0E-E56D-46BD-BD5A-3F27E64FB7B7}.Release|Any CPU.Build.0 = Release|Any CPU
	EndGlobalSection
	GlobalSection(SolutionProperties) = preSolution
		HideSolutionNode = FALSE
	EndGlobalSection
	GlobalSection(ExtensibilityGlobals) = postSolution
		SolutionGuid = {7358EA23-4405-41D0-9937-FC3280933426}
	EndGlobalSection
EndGlobal
